
Microsoft Visual Studio Solution File, Format Version 12.00
# Visual Studio 15
VisualStudioVersion = 15.0.27130.2010
MinimumVisualStudioVersion = 10.0.40219.1
Project("{FAE04EC0-301F-11D3-BF4B-00C04F79EFBC}") = "CompatibilityManager", "CompatibilityManager\CompatibilityManager.csproj", "{A0900E2D-26B8-4ECB-82A9-1AD776B0A144}"
EndProject
Global
	GlobalSection(SolutionConfigurationPlatforms) = preSolution
		Debug|Any CPU = Debug|Any CPU
		Release|Any CPU = Release|Any CPU
	EndGlobalSection
	GlobalSection(ProjectConfigurationPlatforms) = postSolution
		{A0900E2D-26B8-4ECB-82A9-1AD776B0A144}.Debug|Any CPU.ActiveCfg = Debug|Any CPU
		{A0900E2D-26B8-4ECB-82A9-1AD776B0A144}.Debug|Any CPU.Build.0 = Debug|Any CPU
		{A0900E2D-26B8-4ECB-82A9-1AD776B0A144}.Release|Any CPU.ActiveCfg = Release|Any CPU
		{A0900E2D-26B8-4ECB-82A9-1AD776B0A144}.Release|Any CPU.Build.0 = Release|Any CPU
	EndGlobalSection
	GlobalSection(SolutionProperties) = preSolution
		HideSolutionNode = FALSE
	EndGlobalSection
	GlobalSection(ExtensibilityGlobals) = postSolution
		SolutionGuid = {36D447DD-9C65-46DD-A010-83F113441CC9}
	EndGlobalSection
EndGlobal
